// !$*UTF8*$!
{
	archiveVersion = 1;
	classes = {
	};
	objectVersion = 46;
	objects = {

/* Begin PBXBuildFile section */
		597E8F111CB5C43100A820F2 /* AppDelegate.swift in Sources */ = {isa = PBXBuildFile; fileRef = 597E8F101CB5C43100A820F2 /* AppDelegate.swift */; };
		597E8F131CB5C43100A820F2 /* ViewController.swift in Sources */ = {isa = PBXBuildFile; fileRef = 597E8F121CB5C43100A820F2 /* ViewController.swift */; };
		597E8F161CB5C43100A820F2 /* Main.storyboard in Resources */ = {isa = PBXBuildFile; fileRef = 597E8F141CB5C43100A820F2 /* Main.storyboard */; };
		597E8F181CB5C43100A820F2 /* Assets.xcassets in Resources */ = {isa = PBXBuildFile; fileRef = 597E8F171CB5C43100A820F2 /* Assets.xcassets */; };
		597E8F1B1CB5C43100A820F2 /* LaunchScreen.storyboard in Resources */ = {isa = PBXBuildFile; fileRef = 597E8F191CB5C43100A820F2 /* LaunchScreen.storyboard */; };
/* End PBXBuildFile section */

/* Begin PBXFileReference section */
		597E8F0D1CB5C43100A820F2 /* Al-Hakim.app */ = {isa = PBXFileReference; explicitFileType = wrapper.application; includeInIndex = 0; path = "Al-Hakim.app"; sourceTree = BUILT_PRODUCTS_DIR; };
		597E8F101CB5C43100A820F2 /* AppDelegate.swift */ = {isa = PBXFileReference; lastKnownFileType = sourcecode.swift; path = AppDelegate.swift; sourceTree = "<group>"; };
		597E8F121CB5C43100A820F2 /* ViewController.swift */ = {isa = PBXFileReference; lastKnownFileType = sourcecode.swift; path = ViewController.swift; sourceTree = "<group>"; };
		597E8F151CB5C43100A820F2 /* Base */ = {isa = PBXFileReference; lastKnownFileType = file.storyboard; name = Base; path = Base.lproj/Main.storyboard; sourceTree = "<group>"; };
		597E8F171CB5C43100A820F2 /* Assets.xcassets */ = {isa = PBXFileReference; lastKnownFileType = folder.assetcatalog; path = Assets.xcassets; sourceTree = "<group>"; };
		597E8F1A1CB5C43100A820F2 /* Base */ = {isa = PBXFileReference; lastKnownFileType = file.storyboard; name = Base; path = Base.lproj/LaunchScreen.storyboard; sourceTree = "<group>"; };
		597E8F1C1CB5C43100A820F2 /* Info.plist */ = {isa = PBXFileReference; lastKnownFileType = text.plist.xml; path = Info.plist; sourceTree = "<group>"; };
/* End PBXFileReference section */

/* Begin PBXFrameworksBuildPhase section */
		597E8F0A1CB5C43100A820F2 /* Frameworks */ = {
			isa = PBXFrameworksBuildPhase;
			buildActionMask = 2147483647;
			files = (
			);
			runOnlyForDeploymentPostprocessing = 0;
		};
/* End PBXFrameworksBuildPhase section */

/* Begin PBXGroup section */
		597E8F041CB5C43100A820F2 = {
			isa = PBXGroup;
			children = (
				597E8F0F1CB5C43100A820F2 /* Al-Hakim */,
				597E8F0E1CB5C43100A820F2 /* Products */,
			);
			sourceTree = "<group>";
		};
		597E8F0E1CB5C43100A820F2 /* Products */ = {
			isa = PBXGroup;
			children = (
				597E8F0D1CB5C43100A820F2 /* Al-Hakim.app */,
			);
			name = Products;
			sourceTree = "<group>";
		};
		597E8F0F1CB5C43100A820F2 /* Al-Hakim */ = {
			isa = PBXGroup;
			children = (
				597E8F101CB5C43100A820F2 /* AppDelegate.swift */,
				597E8F121CB5C43100A820F2 /* ViewController.swift */,
				597E8F141CB5C43100A820F2 /* Main.storyboard */,
				597E8F171CB5C43100A820F2 /* Assets.xcassets */,
				597E8F191CB5C43100A820F2 /* LaunchScreen.storyboard */,
				597E8F1C1CB5C43100A820F2 /* Info.plist */,
			);
			path = "Al-Hakim";
			sourceTree = "<group>";
		};
/* End PBXGroup section */

/* Begin PBXNativeTarget section */
		597E8F0C1CB5C43100A820F2 /* Al-Hakim */ = {
			isa = PBXNativeTarget;
			buildConfigurationList = 597E8F1F1CB5C43100A820F2 /* Build configuration list for PBXNativeTarget "Al-Hakim" */;
			buildPhases = (
				597E8F091CB5C43100A820F2 /* Sources */,
				597E8F0A1CB5C43100A820F2 /* Frameworks */,
				597E8F0B1CB5C43100A820F2 /* Resources */,
			);
			buildRules = (
			);
			dependencies = (
			);
			name = "Al-Hakim";
			productName = "Al-Hakim";
			productReference = 597E8F0D1CB5C43100A820F2 /* Al-Hakim.app */;
			productType = "com.apple.product-type.application";
		};
/* End PBXNativeTarget section */

/* Begin PBXProject section */
		597E8F051CB5C43100A820F2 /* Project object */ = {
			isa = PBXProject;
			attributes = {
				LastSwiftUpdateCheck = 0730;
				LastUpgradeCheck = 0730;
				ORGANIZATIONNAME = "Al-Hakim";
				TargetAttributes = {
					597E8F0C1CB5C43100A820F2 = {
						CreatedOnToolsVersion = 7.3;
					};
				};
			};
			buildConfigurationList = 597E8F081CB5C43100A820F2 /* Build configuration list for PBXProject "Al-Hakim" */;
			compatibilityVersion = "Xcode 3.2";
			developmentRegion = English;
			hasScannedForEncodings = 0;
			knownRegions = (
				en,
				Base,
			);
			mainGroup = 597E8F041CB5C43100A820F2;
			productRefGroup = 597E8F0E1CB5C43100A820F2 /* Products */;
			projectDirPath = "";
			projectRoot = "";
			targets = (
				597E8F0C1CB5C43100A820F2 /* Al-Hakim */,
			);
		};
/* End PBXProject section */

/* Begin PBXResourcesBuildPhase section */
		597E8F0B1CB5C43100A820F2 /* Resources */ = {
			isa = PBXResourcesBuildPhase;
			buildActionMask = 2147483647;
			files = (
				597E8F1B1CB5C43100A820F2 /* LaunchScreen.storyboard in Resources */,
				597E8F181CB5C43100A820F2 /* Assets.xcassets in Resources */,
				597E8F161CB5C43100A820F2 /* Main.storyboard in Resources */,
			);
			runOnlyForDeploymentPostprocessing = 0;
		};
/* End PBXResourcesBuildPhase section */

/* Begin PBXSourcesBuildPhase section */
		597E8F091CB5C43100A820F2 /* Sources */ = {
			isa = PBXSourcesBuildPhase;
			buildActionMask = 2147483647;
			files = (
				597E8F131CB5C43100A820F2 /* ViewController.swift in Sources */,
				597E8F111CB5C43100A820F2 /* AppDelegate.swift in Sources */,
			);
			runOnlyForDeploymentPostprocessing = 0;
		};
/* End PBXSourcesBuildPhase section */

/* Begin PBXVariantGroup section */
		597E8F141CB5C43100A820F2 /* Main.storyboard */ = {
			isa = PBXVariantGroup;
			children = (
				597E8F151CB5C43100A820F2 /* Base */,
			);
			name = Main.storyboard;
			sourceTree = "<group>";
		};
		597E8F191CB5C43100A820F2 /* LaunchScreen.storyboard */ = {
			isa = PBXVariantGroup;
			children = (
				597E8F1A1CB5C43100A820F2 /* Base */,
			);
			name = LaunchScreen.storyboard;
			sourceTree = "<group>";
		};
/* End PBXVariantGroup section */

/* Begin XCBuildConfiguration section */
		597E8F1D1CB5C43100A820F2 /* Debug */ = {
			isa = XCBuildConfiguration;
			buildSettings = {
				ALWAYS_SEARCH_USER_PATHS = NO;
				CLANG_ANALYZER_NONNULL = YES;
				CLANG_CXX_LANGUAGE_STANDARD = "gnu++0x";
				CLANG_CXX_LIBRARY = "libc++";
				CLANG_ENABLE_MODULES = YES;
				CLANG_ENABLE_OBJC_ARC = YES;
				CLANG_WARN_BOOL_CONVERSION = YES;
				CLANG_WARN_CONSTANT_CONVERSION = YES;
				CLANG_WARN_DIRECT_OBJC_ISA_USAGE = YES_ERROR;
				CLANG_WARN_EMPTY_BODY = YES;
				CLANG_WARN_ENUM_CONVERSION = YES;
				CLANG_WARN_INT_CONVERSION = YES;
				CLANG_WARN_OBJC_ROOT_CLASS = YES_ERROR;
				CLANG_WARN_UNREACHABLE_CODE = YES;
				CLANG_WARN__DUPLICATE_METHOD_MATCH = YES;
				"CODE_SIGN_IDENTITY[sdk=iphoneos*]" = "iPhone Developer";
				COPY_PHASE_STRIP = NO;
				DEBUG_INFORMATION_FORMAT = dwarf;
				ENABLE_STRICT_OBJC_MSGSEND = YES;
				ENABLE_TESTABILITY = YES;
				GCC_C_LANGUAGE_STANDARD = gnu99;
				GCC_DYNAMIC_NO_PIC = NO;
				GCC_NO_COMMON_BLOCKS = YES;
				GCC_OPTIMIZATION_LEVEL = 0;
				GCC_PREPROCESSOR_DEFINITIONS = (
					"DEBUG=1",
					"$(inherited)",
				);
				GCC_WARN_64_TO_32_BIT_CONVERSION = YES;
				GCC_WARN_ABOUT_RETURN_TYPE = YES_ERROR;
				GCC_WARN_UNDECLARED_SELECTOR = YES;
				GCC_WARN_UNINITIALIZED_AUTOS = YES_AGGRESSIVE;
				GCC_WARN_UNUSED_FUNCTION = YES;
				GCC_WARN_UNUSED_VARIABLE = YES;
				IPHONEOS_DEPLOYMENT_TARGET = 9.3;
				MTL_ENABLE_DEBUG_INFO = YES;
				ONLY_ACTIVE_ARCH = YES;
				SDKROOT = iphoneos;
				SWIFT_OPTIMIZATION_LEVEL = "-Onone";
				TARGETED_DEVICE_FAMILY = "1,2";
			};
			name = Debug;
		};
		597E8F1E1CB5C43100A820F2 /* Release */ = {
			isa = XCBuildConfiguration;
			buildSettings = {
				ALWAYS_SEARCH_USER_PATHS = NO;
				CLANG_ANALYZER_NONNULL = YES;
				CLANG_CXX_LANGUAGE_STANDARD = "gnu++0x";
				CLANG_CXX_LIBRARY = "libc++";
				CLANG_ENABLE_MODULES = YES;
				CLANG_ENABLE_OBJC_ARC = YES;
				CLANG_WARN_BOOL_CONVERSION = YES;
				CLANG_WARN_CONSTANT_CONVERSION = YES;
				CLANG_WARN_DIRECT_OBJC_ISA_USAGE = YES_ERROR;
				CLANG_WARN_EMPTY_BODY = YES;
				CLANG_WARN_ENUM_CONVERSION = YES;
				CLANG_WARN_INT_CONVERSION = YES;
				CLANG_WARN_OBJC_ROOT_CLASS = YES_ERROR;
				CLANG_WARN_UNREACHABLE_CODE = YES;
				CLANG_WARN__DUPLICATE_METHOD_MATCH = YES;
				"CODE_SIGN_IDENTITY[sdk=iphoneos*]" = "iPhone Developer";
				COPY_PHASE_STRIP = NO;
				DEBUG_INFORMATION_FORMAT = "dwarf-with-dsym";
				ENABLE_NS_ASSERTIONS = NO;
				ENABLE_STRICT_OBJC_MSGSEND = YES;
				GCC_C_LANGUAGE_STANDARD = gnu99;
				GCC_NO_COMMON_BLOCKS = YES;
				GCC_WARN_64_TO_32_BIT_CONVERSION = YES;
				GCC_WARN_ABOUT_RETURN_TYPE = YES_ERROR;
				GCC_WARN_UNDECLARED_SELECTOR = YES;
				GCC_WARN_UNINITIALIZED_AUTOS = YES_AGGRESSIVE;
				GCC_WARN_UNUSED_FUNCTION = YES;
				GCC_WARN_UNUSED_VARIABLE = YES;
				IPHONEOS_DEPLOYMENT_TARGET = 9.3;
				MTL_ENABLE_DEBUG_INFO = NO;
				SDKROOT = iphoneos;
				TARGETED_DEVICE_FAMILY = "1,2";
				VALIDATE_PRODUCT = YES;
			};
			name = Release;
		};
		597E8F201CB5C43100A820F2 /* Debug */ = {
			isa = XCBuildConfiguration;
			buildSettings = {
				ASSETCATALOG_COMPILER_APPICON_NAME = AppIcon;
				INFOPLIST_FILE = "Al-Hakim/Info.plist";
				LD_RUNPATH_SEARCH_PATHS = "$(inherited) @executable_path/Frameworks";
				PRODUCT_BUNDLE_IDENTIFIER = "id.co.alhakim.Al-Hakim";
				PRODUCT_NAME = "$(TARGET_NAME)";
			};
			name = Debug;
		};
		597E8F211CB5C43100A820F2 /* Release */ = {
			isa = XCBuildConfiguration;
			buildSettings = {
				ASSETCATALOG_COMPILER_APPICON_NAME = AppIcon;
				INFOPLIST_FILE = "Al-Hakim/Info.plist";
				LD_RUNPATH_SEARCH_PATHS = "$(inherited) @executable_path/Frameworks";
				PRODUCT_BUNDLE_IDENTIFIER = "id.co.alhakim.Al-Hakim";
				PRODUCT_NAME = "$(TARGET_NAME)";
			};
			name = Release;
		};
/* End XCBuildConfiguration section */

/* Begin XCConfigurationList section */
		597E8F081CB5C43100A820F2 /* Build configuration list for PBXProject "Al-Hakim" */ = {
			isa = XCConfigurationList;
			buildConfigurations = (
				597E8F1D1CB5C43100A820F2 /* Debug */,
				597E8F1E1CB5C43100A820F2 /* Release */,
			);
			defaultConfigurationIsVisible = 0;
			defaultConfigurationName = Release;
		};
		597E8F1F1CB5C43100A820F2 /* Build configuration list for PBXNativeTarget "Al-Hakim" */ = {
			isa = XCConfigurationList;
			buildConfigurations = (
				597E8F201CB5C43100A820F2 /* Debug */,
				597E8F211CB5C43100A820F2 /* Release */,
			);
			defaultConfigurationIsVisible = 0;
		};
/* End XCConfigurationList section */
	};
	rootObject = 597E8F051CB5C43100A820F2 /* Project object */;
}
